
Microsoft Visual Studio Solution File, Format Version 12.00
# Visual Studio 14
VisualStudioVersion = 14.0.23107.0
MinimumVisualStudioVersion = 10.0.40219.1
Project("{F184B08F-C81C-45F6-A57F-5ABD9991F28F}") = "Wonderful_Walks_Application", "Wonderful_Walks_Application\Wonderful_Walks_Application.vbproj", "{5C47CE6A-8C15-46A9-A5F1-254543ACAE64}"
EndProject
Project("{54435603-DBB4-11D2-8724-00A0C9A8B90C}") = "Setup File", "..\Wonderful Walks Setup\Setup File\Setup File.vdproj", "{ADFF5D51-B189-4865-B729-9545A70A74E2}"
EndProject
Global
	GlobalSection(SolutionConfigurationPlatforms) = preSolution
		Debug|Any CPU = Debug|Any CPU
		Release|Any CPU = Release|Any CPU
	EndGlobalSection
	GlobalSection(ProjectConfigurationPlatforms) = postSolution
		{5C47CE6A-8C15-46A9-A5F1-254543ACAE64}.Debug|Any CPU.ActiveCfg = Debug|Any CPU
		{5C47CE6A-8C15-46A9-A5F1-254543ACAE64}.Debug|Any CPU.Build.0 = Debug|Any CPU
		{5C47CE6A-8C15-46A9-A5F1-254543ACAE64}.Release|Any CPU.ActiveCfg = Release|Any CPU
		{5C47CE6A-8C15-46A9-A5F1-254543ACAE64}.Release|Any CPU.Build.0 = Release|Any CPU
		{ADFF5D51-B189-4865-B729-9545A70A74E2}.Debug|Any CPU.ActiveCfg = Debug
		{ADFF5D51-B189-4865-B729-9545A70A74E2}.Release|Any CPU.ActiveCfg = Release
	EndGlobalSection
	GlobalSection(SolutionProperties) = preSolution
		HideSolutionNode = FALSE
	EndGlobalSection
EndGlobal
